// !$*UTF8*$!
{
	archiveVersion = 1;
	classes = {
	};
	objectVersion = 50;
	objects = {

/* Begin PBXBuildFile section */
		47428D0C2097BCF6000D256E /* BoardViewController.swift in Sources */ = {isa = PBXBuildFile; fileRef = 47428D0B2097BCF6000D256E /* BoardViewController.swift */; };
		47428D0E2097E8D1000D256E /* BoardCell.swift in Sources */ = {isa = PBXBuildFile; fileRef = 47428D0D2097E8D1000D256E /* BoardCell.swift */; };
		476B77982085A3C300201238 /* AppDelegate.swift in Sources */ = {isa = PBXBuildFile; fileRef = 476B77972085A3C300201238 /* AppDelegate.swift */; };
		476B779A2085A3C300201238 /* ViewController.swift in Sources */ = {isa = PBXBuildFile; fileRef = 476B77992085A3C300201238 /* ViewController.swift */; };
		476B779D2085A3C300201238 /* Main.storyboard in Resources */ = {isa = PBXBuildFile; fileRef = 476B779B2085A3C300201238 /* Main.storyboard */; };
		476B779F2085A3C600201238 /* Assets.xcassets in Resources */ = {isa = PBXBuildFile; fileRef = 476B779E2085A3C600201238 /* Assets.xcassets */; };
		476B77A22085A3C600201238 /* LaunchScreen.storyboard in Resources */ = {isa = PBXBuildFile; fileRef = 476B77A02085A3C600201238 /* LaunchScreen.storyboard */; };
		47EAE2B92085BC2100602F67 /* RoundedButton.swift in Sources */ = {isa = PBXBuildFile; fileRef = 47EAE2B82085BC2100602F67 /* RoundedButton.swift */; };
		47EAE2BD2085BEB100602F67 /* Lato-Medium.ttf in Resources */ = {isa = PBXBuildFile; fileRef = 47EAE2BC2085BE5400602F67 /* Lato-Medium.ttf */; };
		47EAE2BE2085BEB100602F67 /* norwester.otf in Resources */ = {isa = PBXBuildFile; fileRef = 47EAE2BB2085BDD600602F67 /* norwester.otf */; };
		47EAE2C02085C30F00602F67 /* Lato-Bold.ttf in Resources */ = {isa = PBXBuildFile; fileRef = 47EAE2BF2085C2E800602F67 /* Lato-Bold.ttf */; };
/* End PBXBuildFile section */

/* Begin PBXFileReference section */
		47428D0B2097BCF6000D256E /* BoardViewController.swift */ = {isa = PBXFileReference; lastKnownFileType = sourcecode.swift; path = BoardViewController.swift; sourceTree = "<group>"; };
		47428D0D2097E8D1000D256E /* BoardCell.swift */ = {isa = PBXFileReference; lastKnownFileType = sourcecode.swift; path = BoardCell.swift; sourceTree = "<group>"; };
		476B77942085A3C300201238 /* Recollection.app */ = {isa = PBXFileReference; explicitFileType = wrapper.application; includeInIndex = 0; path = Recollection.app; sourceTree = BUILT_PRODUCTS_DIR; };
		476B77972085A3C300201238 /* AppDelegate.swift */ = {isa = PBXFileReference; lastKnownFileType = sourcecode.swift; path = AppDelegate.swift; sourceTree = "<group>"; };
		476B77992085A3C300201238 /* ViewController.swift */ = {isa = PBXFileReference; lastKnownFileType = sourcecode.swift; path = ViewController.swift; sourceTree = "<group>"; };
		476B779C2085A3C300201238 /* Base */ = {isa = PBXFileReference; lastKnownFileType = file.storyboard; name = Base; path = Base.lproj/Main.storyboard; sourceTree = "<group>"; };
		476B779E2085A3C600201238 /* Assets.xcassets */ = {isa = PBXFileReference; lastKnownFileType = folder.assetcatalog; path = Assets.xcassets; sourceTree = "<group>"; };
		476B77A12085A3C600201238 /* Base */ = {isa = PBXFileReference; lastKnownFileType = file.storyboard; name = Base; path = Base.lproj/LaunchScreen.storyboard; sourceTree = "<group>"; };
		476B77A32085A3C600201238 /* Info.plist */ = {isa = PBXFileReference; lastKnownFileType = text.plist.xml; path = Info.plist; sourceTree = "<group>"; };
		47EAE2B82085BC2100602F67 /* RoundedButton.swift */ = {isa = PBXFileReference; lastKnownFileType = sourcecode.swift; path = RoundedButton.swift; sourceTree = "<group>"; };
		47EAE2BB2085BDD600602F67 /* norwester.otf */ = {isa = PBXFileReference; lastKnownFileType = file; path = norwester.otf; sourceTree = "<group>"; };
		47EAE2BC2085BE5400602F67 /* Lato-Medium.ttf */ = {isa = PBXFileReference; lastKnownFileType = file; path = "Lato-Medium.ttf"; sourceTree = "<group>"; };
		47EAE2BF2085C2E800602F67 /* Lato-Bold.ttf */ = {isa = PBXFileReference; lastKnownFileType = file; path = "Lato-Bold.ttf"; sourceTree = "<group>"; };
/* End PBXFileReference section */

/* Begin PBXFrameworksBuildPhase section */
		476B77912085A3C300201238 /* Frameworks */ = {
			isa = PBXFrameworksBuildPhase;
			buildActionMask = 2147483647;
			files = (
			);
			runOnlyForDeploymentPostprocessing = 0;
		};
/* End PBXFrameworksBuildPhase section */

/* Begin PBXGroup section */
		476B778B2085A3C300201238 = {
			isa = PBXGroup;
			children = (
				476B77962085A3C300201238 /* Recollection */,
				476B77952085A3C300201238 /* Products */,
			);
			sourceTree = "<group>";
		};
		476B77952085A3C300201238 /* Products */ = {
			isa = PBXGroup;
			children = (
				476B77942085A3C300201238 /* Recollection.app */,
			);
			name = Products;
			sourceTree = "<group>";
		};
		476B77962085A3C300201238 /* Recollection */ = {
			isa = PBXGroup;
			children = (
				47EAE2BA2085BDC200602F67 /* Fonts */,
				476B77972085A3C300201238 /* AppDelegate.swift */,
				476B779B2085A3C300201238 /* Main.storyboard */,
				476B77992085A3C300201238 /* ViewController.swift */,
				47428D0B2097BCF6000D256E /* BoardViewController.swift */,
				47428D0D2097E8D1000D256E /* BoardCell.swift */,
				476B779E2085A3C600201238 /* Assets.xcassets */,
				476B77A02085A3C600201238 /* LaunchScreen.storyboard */,
				476B77A32085A3C600201238 /* Info.plist */,
				47EAE2B82085BC2100602F67 /* RoundedButton.swift */,
			);
			path = Recollection;
			sourceTree = "<group>";
		};
		47EAE2BA2085BDC200602F67 /* Fonts */ = {
			isa = PBXGroup;
			children = (
				47EAE2BF2085C2E800602F67 /* Lato-Bold.ttf */,
				47EAE2BC2085BE5400602F67 /* Lato-Medium.ttf */,
				47EAE2BB2085BDD600602F67 /* norwester.otf */,
			);
			path = Fonts;
			sourceTree = "<group>";
		};
/* End PBXGroup section */

/* Begin PBXNativeTarget section */
		476B77932085A3C300201238 /* Recollection */ = {
			isa = PBXNativeTarget;
			buildConfigurationList = 476B77A62085A3C600201238 /* Build configuration list for PBXNativeTarget "Recollection" */;
			buildPhases = (
				476B77902085A3C300201238 /* Sources */,
				476B77912085A3C300201238 /* Frameworks */,
				476B77922085A3C300201238 /* Resources */,
			);
			buildRules = (
			);
			dependencies = (
			);
			name = Recollection;
			productName = Recollection;
			productReference = 476B77942085A3C300201238 /* Recollection.app */;
			productType = "com.apple.product-type.application";
		};
/* End PBXNativeTarget section */

/* Begin PBXProject section */
		476B778C2085A3C300201238 /* Project object */ = {
			isa = PBXProject;
			attributes = {
				LastSwiftUpdateCheck = 0930;
				LastUpgradeCheck = 0930;
				ORGANIZATIONNAME = "Samuel Cole Morgan";
				TargetAttributes = {
					476B77932085A3C300201238 = {
						CreatedOnToolsVersion = 9.3;
					};
				};
			};
			buildConfigurationList = 476B778F2085A3C300201238 /* Build configuration list for PBXProject "Recollection" */;
			compatibilityVersion = "Xcode 9.3";
			developmentRegion = en;
			hasScannedForEncodings = 0;
			knownRegions = (
				en,
				Base,
			);
			mainGroup = 476B778B2085A3C300201238;
			productRefGroup = 476B77952085A3C300201238 /* Products */;
			projectDirPath = "";
			projectRoot = "";
			targets = (
				476B77932085A3C300201238 /* Recollection */,
			);
		};
/* End PBXProject section */

/* Begin PBXResourcesBuildPhase section */
		476B77922085A3C300201238 /* Resources */ = {
			isa = PBXResourcesBuildPhase;
			buildActionMask = 2147483647;
			files = (
				47EAE2C02085C30F00602F67 /* Lato-Bold.ttf in Resources */,
				47EAE2BD2085BEB100602F67 /* Lato-Medium.ttf in Resources */,
				47EAE2BE2085BEB100602F67 /* norwester.otf in Resources */,
				476B77A22085A3C600201238 /* LaunchScreen.storyboard in Resources */,
				476B779F2085A3C600201238 /* Assets.xcassets in Resources */,
				476B779D2085A3C300201238 /* Main.storyboard in Resources */,
			);
			runOnlyForDeploymentPostprocessing = 0;
		};
/* End PBXResourcesBuildPhase section */

/* Begin PBXSourcesBuildPhase section */
		476B77902085A3C300201238 /* Sources */ = {
			isa = PBXSourcesBuildPhase;
			buildActionMask = 2147483647;
			files = (
				47428D0E2097E8D1000D256E /* BoardCell.swift in Sources */,
				476B779A2085A3C300201238 /* ViewController.swift in Sources */,
				47EAE2B92085BC2100602F67 /* RoundedButton.swift in Sources */,
				476B77982085A3C300201238 /* AppDelegate.swift in Sources */,
				47428D0C2097BCF6000D256E /* BoardViewController.swift in Sources */,
			);
			runOnlyForDeploymentPostprocessing = 0;
		};
/* End PBXSourcesBuildPhase section */

/* Begin PBXVariantGroup section */
		476B779B2085A3C300201238 /* Main.storyboard */ = {
			isa = PBXVariantGroup;
			children = (
				476B779C2085A3C300201238 /* Base */,
			);
			name = Main.storyboard;
			sourceTree = "<group>";
		};
		476B77A02085A3C600201238 /* LaunchScreen.storyboard */ = {
			isa = PBXVariantGroup;
			children = (
				476B77A12085A3C600201238 /* Base */,
			);
			name = LaunchScreen.storyboard;
			sourceTree = "<group>";
		};
/* End PBXVariantGroup section */

/* Begin XCBuildConfiguration section */
		476B77A42085A3C600201238 /* Debug */ = {
			isa = XCBuildConfiguration;
			buildSettings = {
				ALWAYS_SEARCH_USER_PATHS = NO;
				CLANG_ANALYZER_NONNULL = YES;
				CLANG_ANALYZER_NUMBER_OBJECT_CONVERSION = YES_AGGRESSIVE;
				CLANG_CXX_LANGUAGE_STANDARD = "gnu++14";
				CLANG_CXX_LIBRARY = "libc++";
				CLANG_ENABLE_MODULES = YES;
				CLANG_ENABLE_OBJC_ARC = YES;
				CLANG_ENABLE_OBJC_WEAK = YES;
				CLANG_WARN_BLOCK_CAPTURE_AUTORELEASING = YES;
				CLANG_WARN_BOOL_CONVERSION = YES;
				CLANG_WARN_COMMA = YES;
				CLANG_WARN_CONSTANT_CONVERSION = YES;
				CLANG_WARN_DEPRECATED_OBJC_IMPLEMENTATIONS = YES;
				CLANG_WARN_DIRECT_OBJC_ISA_USAGE = YES_ERROR;
				CLANG_WARN_DOCUMENTATION_COMMENTS = YES;
				CLANG_WARN_EMPTY_BODY = YES;
				CLANG_WARN_ENUM_CONVERSION = YES;
				CLANG_WARN_INFINITE_RECURSION = YES;
				CLANG_WARN_INT_CONVERSION = YES;
				CLANG_WARN_NON_LITERAL_NULL_CONVERSION = YES;
				CLANG_WARN_OBJC_IMPLICIT_RETAIN_SELF = YES;
				CLANG_WARN_OBJC_LITERAL_CONVERSION = YES;
				CLANG_WARN_OBJC_ROOT_CLASS = YES_ERROR;
				CLANG_WARN_RANGE_LOOP_ANALYSIS = YES;
				CLANG_WARN_STRICT_PROTOTYPES = YES;
				CLANG_WARN_SUSPICIOUS_MOVE = YES;
				CLANG_WARN_UNGUARDED_AVAILABILITY = YES_AGGRESSIVE;
				CLANG_WARN_UNREACHABLE_CODE = YES;
				CLANG_WARN__DUPLICATE_METHOD_MATCH = YES;
				CODE_SIGN_IDENTITY = "iPhone Developer";
				COPY_PHASE_STRIP = NO;
				DEBUG_INFORMATION_FORMAT = dwarf;
				ENABLE_STRICT_OBJC_MSGSEND = YES;
				ENABLE_TESTABILITY = YES;
				GCC_C_LANGUAGE_STANDARD = gnu11;
				GCC_DYNAMIC_NO_PIC = NO;
				GCC_NO_COMMON_BLOCKS = YES;
				GCC_OPTIMIZATION_LEVEL = 0;
				GCC_PREPROCESSOR_DEFINITIONS = (
					"DEBUG=1",
					"$(inherited)",
				);
				GCC_WARN_64_TO_32_BIT_CONVERSION = YES;
				GCC_WARN_ABOUT_RETURN_TYPE = YES_ERROR;
				GCC_WARN_UNDECLARED_SELECTOR = YES;
				GCC_WARN_UNINITIALIZED_AUTOS = YES_AGGRESSIVE;
				GCC_WARN_UNUSED_FUNCTION = YES;
				GCC_WARN_UNUSED_VARIABLE = YES;
				IPHONEOS_DEPLOYMENT_TARGET = 11.3;
				MTL_ENABLE_DEBUG_INFO = YES;
				ONLY_ACTIVE_ARCH = YES;
				SDKROOT = iphoneos;
				SWIFT_ACTIVE_COMPILATION_CONDITIONS = DEBUG;
				SWIFT_OPTIMIZATION_LEVEL = "-Onone";
			};
			name = Debug;
		};
		476B77A52085A3C600201238 /* Release */ = {
			isa = XCBuildConfiguration;
			buildSettings = {
				ALWAYS_SEARCH_USER_PATHS = NO;
				CLANG_ANALYZER_NONNULL = YES;
				CLANG_ANALYZER_NUMBER_OBJECT_CONVERSION = YES_AGGRESSIVE;
				CLANG_CXX_LANGUAGE_STANDARD = "gnu++14";
				CLANG_CXX_LIBRARY = "libc++";
				CLANG_ENABLE_MODULES = YES;
				CLANG_ENABLE_OBJC_ARC = YES;
				CLANG_ENABLE_OBJC_WEAK = YES;
				CLANG_WARN_BLOCK_CAPTURE_AUTORELEASING = YES;
				CLANG_WARN_BOOL_CONVERSION = YES;
				CLANG_WARN_COMMA = YES;
				CLANG_WARN_CONSTANT_CONVERSION = YES;
				CLANG_WARN_DEPRECATED_OBJC_IMPLEMENTATIONS = YES;
				CLANG_WARN_DIRECT_OBJC_ISA_USAGE = YES_ERROR;
				CLANG_WARN_DOCUMENTATION_COMMENTS = YES;
				CLANG_WARN_EMPTY_BODY = YES;
				CLANG_WARN_ENUM_CONVERSION = YES;
				CLANG_WARN_INFINITE_RECURSION = YES;
				CLANG_WARN_INT_CONVERSION = YES;
				CLANG_WARN_NON_LITERAL_NULL_CONVERSION = YES;
				CLANG_WARN_OBJC_IMPLICIT_RETAIN_SELF = YES;
				CLANG_WARN_OBJC_LITERAL_CONVERSION = YES;
				CLANG_WARN_OBJC_ROOT_CLASS = YES_ERROR;
				CLANG_WARN_RANGE_LOOP_ANALYSIS = YES;
				CLANG_WARN_STRICT_PROTOTYPES = YES;
				CLANG_WARN_SUSPICIOUS_MOVE = YES;
				CLANG_WARN_UNGUARDED_AVAILABILITY = YES_AGGRESSIVE;
				CLANG_WARN_UNREACHABLE_CODE = YES;
				CLANG_WARN__DUPLICATE_METHOD_MATCH = YES;
				CODE_SIGN_IDENTITY = "iPhone Developer";
				COPY_PHASE_STRIP = NO;
				DEBUG_INFORMATION_FORMAT = "dwarf-with-dsym";
				ENABLE_NS_ASSERTIONS = NO;
				ENABLE_STRICT_OBJC_MSGSEND = YES;
				GCC_C_LANGUAGE_STANDARD = gnu11;
				GCC_NO_COMMON_BLOCKS = YES;
				GCC_WARN_64_TO_32_BIT_CONVERSION = YES;
				GCC_WARN_ABOUT_RETURN_TYPE = YES_ERROR;
				GCC_WARN_UNDECLARED_SELECTOR = YES;
				GCC_WARN_UNINITIALIZED_AUTOS = YES_AGGRESSIVE;
				GCC_WARN_UNUSED_FUNCTION = YES;
				GCC_WARN_UNUSED_VARIABLE = YES;
				IPHONEOS_DEPLOYMENT_TARGET = 11.3;
				MTL_ENABLE_DEBUG_INFO = NO;
				SDKROOT = iphoneos;
				SWIFT_COMPILATION_MODE = wholemodule;
				SWIFT_OPTIMIZATION_LEVEL = "-O";
				VALIDATE_PRODUCT = YES;
			};
			name = Release;
		};
		476B77A72085A3C600201238 /* Debug */ = {
			isa = XCBuildConfiguration;
			buildSettings = {
				ASSETCATALOG_COMPILER_APPICON_NAME = AppIcon;
				CODE_SIGN_STYLE = Automatic;
				DEVELOPMENT_TEAM = 22594264K9;
				INFOPLIST_FILE = Recollection/Info.plist;
				LD_RUNPATH_SEARCH_PATHS = (
					"$(inherited)",
					"@executable_path/Frameworks",
				);
				PRODUCT_BUNDLE_IDENTIFIER = com.samuel.Recollection;
				PRODUCT_NAME = "$(TARGET_NAME)";
				SWIFT_VERSION = 4.0;
				TARGETED_DEVICE_FAMILY = "1,2";
			};
			name = Debug;
		};
		476B77A82085A3C600201238 /* Release */ = {
			isa = XCBuildConfiguration;
			buildSettings = {
				ASSETCATALOG_COMPILER_APPICON_NAME = AppIcon;
				CODE_SIGN_STYLE = Automatic;
				DEVELOPMENT_TEAM = 22594264K9;
				INFOPLIST_FILE = Recollection/Info.plist;
				LD_RUNPATH_SEARCH_PATHS = (
					"$(inherited)",
					"@executable_path/Frameworks",
				);
				PRODUCT_BUNDLE_IDENTIFIER = com.samuel.Recollection;
				PRODUCT_NAME = "$(TARGET_NAME)";
				SWIFT_VERSION = 4.0;
				TARGETED_DEVICE_FAMILY = "1,2";
			};
			name = Release;
		};
/* End XCBuildConfiguration section */

/* Begin XCConfigurationList section */
		476B778F2085A3C300201238 /* Build configuration list for PBXProject "Recollection" */ = {
			isa = XCConfigurationList;
			buildConfigurations = (
				476B77A42085A3C600201238 /* Debug */,
				476B77A52085A3C600201238 /* Release */,
			);
			defaultConfigurationIsVisible = 0;
			defaultConfigurationName = Release;
		};
		476B77A62085A3C600201238 /* Build configuration list for PBXNativeTarget "Recollection" */ = {
			isa = XCConfigurationList;
			buildConfigurations = (
				476B77A72085A3C600201238 /* Debug */,
				476B77A82085A3C600201238 /* Release */,
			);
			defaultConfigurationIsVisible = 0;
			defaultConfigurationName = Release;
		};
/* End XCConfigurationList section */
	};
	rootObject = 476B778C2085A3C300201238 /* Project object */;
}
